{
  "lockfileVersion": 1,
  "configVersion": 1,
  "workspaces": {
    "": {
      "name": "@ninots/framework",
      "devDependencies": {
        "@biomejs/biome": "catalog:build",
        "@types/bun": "catalog:",
        "typedoc": "catalog:build",
        "typescript": "catalog:",
      },
      "peerDependencies": {
        "typescript": "catalog:",
      },
    },
    "packages/auth": {
      "name": "@ninots/auth",
      "version": "0.4.0",
      "devDependencies": {
        "@types/bun": "catalog:",
      },
      "peerDependencies": {
        "typescript": "catalog:",
      },
    },
    "packages/cache": {
      "name": "@ninots/cache",
      "version": "0.4.0",
      "devDependencies": {
        "@types/bun": "catalog:",
      },
      "peerDependencies": {
        "typescript": "catalog:",
      },
    },
    "packages/config": {
      "name": "@ninots/config",
      "version": "0.4.0",
      "devDependencies": {
        "@types/bun": "catalog:",
      },
      "peerDependencies": {
        "typescript": "catalog:",
      },
    },
    "packages/console": {
      "name": "@ninots/console",
      "version": "0.4.0",
      "bin": {
        "ninots": "./bin/ninots.ts",
      },
      "devDependencies": {
        "@ninots/orm": "workspace:*",
        "@types/bun": "catalog:",
      },
      "peerDependencies": {
        "@ninots/orm": "workspace:*",
        "typescript": "catalog:",
      },
    },
    "packages/container": {
      "name": "@ninots/container",
      "version": "0.4.0",
      "devDependencies": {
        "@types/bun": "catalog:",
      },
      "peerDependencies": {
        "typescript": "catalog:",
      },
    },
    "packages/events": {
      "name": "@ninots/events",
      "version": "0.4.0",
      "devDependencies": {
        "@types/bun": "catalog:",
      },
      "peerDependencies": {
        "typescript": "catalog:",
      },
    },
    "packages/filesystem": {
      "name": "@ninots/filesystem",
      "version": "0.4.0",
      "devDependencies": {
        "@types/bun": "catalog:",
      },
      "peerDependencies": {
        "typescript": "catalog:",
      },
    },
    "packages/foundation": {
      "name": "@ninots/foundation",
      "version": "0.4.0",
      "devDependencies": {
        "@types/bun": "catalog:",
      },
      "peerDependencies": {
        "typescript": "catalog:",
      },
    },
    "packages/http": {
      "name": "@ninots/http",
      "version": "0.4.0",
      "devDependencies": {
        "@types/bun": "catalog:",
      },
      "peerDependencies": {
        "typescript": "catalog:",
      },
    },
    "packages/logger": {
      "name": "@ninots/logger",
      "version": "0.4.0",
      "devDependencies": {
        "@types/bun": "catalog:",
      },
      "peerDependencies": {
        "typescript": "catalog:",
      },
    },
    "packages/middleware": {
      "name": "@ninots/middleware",
      "version": "0.4.0",
      "devDependencies": {
        "@types/bun": "catalog:",
      },
      "peerDependencies": {
        "typescript": "catalog:",
      },
    },
    "packages/orm": {
      "name": "@ninots/orm",
      "version": "0.4.0",
      "devDependencies": {
        "@types/bun": "catalog:",
      },
      "peerDependencies": {
        "typescript": "catalog:",
      },
    },
    "packages/routing": {
      "name": "@ninots/routing",
      "version": "0.4.0",
      "devDependencies": {
        "@types/bun": "catalog:",
      },
      "peerDependencies": {
        "typescript": "catalog:",
      },
    },
    "packages/session": {
      "name": "@ninots/session",
      "version": "0.4.0",
      "dependencies": {
        "@ninots/config": "workspace:*",
        "@ninots/support": "workspace:*",
      },
      "devDependencies": {
        "@types/bun": "catalog:",
        "typescript": "catalog:",
      },
      "peerDependencies": {
        "typescript": "catalog:",
      },
    },
    "packages/support": {
      "name": "@ninots/support",
      "version": "0.4.0",
      "devDependencies": {
        "@types/bun": "catalog:",
      },
      "peerDependencies": {
        "typescript": "catalog:",
      },
    },
    "packages/validation": {
      "name": "@ninots/validation",
      "version": "0.4.0",
      "peerDependencies": {
        "typescript": "catalog:",
      },
    },
    "packages/view": {
      "name": "@ninots/view",
      "version": "0.4.0",
      "devDependencies": {
        "@types/bun": "catalog:",
      },
      "peerDependencies": {
        "typescript": "catalog:",
      },
    },
    "packages/websocket": {
      "name": "@ninots/websocket",
      "version": "0.4.0",
      "dependencies": {
        "@ninots/support": "workspace:*",
      },
      "devDependencies": {
        "@types/bun": "catalog:",
        "typescript": "catalog:",
      },
      "peerDependencies": {
        "typescript": ">=5.0.0",
      },
    },
  },
  "catalog": {
    "@types/bun": "latest",
    "typescript": "^6.0.0",
  },
  "catalogs": {
    "build": {
      "@biomejs/biome": "2.4.14",
      "typedoc": "^0.28.19",
    },
  },
  "packages": {
    "@biomejs/biome": ["@biomejs/biome@2.4.14", "", { "optionalDependencies": { "@biomejs/cli-darwin-arm64": "2.4.14", "@biomejs/cli-darwin-x64": "2.4.14", "@biomejs/cli-linux-arm64": "2.4.14", "@biomejs/cli-linux-arm64-musl": "2.4.14", "@biomejs/cli-linux-x64": "2.4.14", "@biomejs/cli-linux-x64-musl": "2.4.14", "@biomejs/cli-win32-arm64": "2.4.14", "@biomejs/cli-win32-x64": "2.4.14" }, "bin": { "biome": "bin/biome" } }, "sha512-TmAvxOEgrpLypzVGJ8FulIZnlyA9TxrO1hyqYrCz9r+bwma9xXxuLA5IuYnj55XQneFx460KjRbx6SWGLkg3bQ=="],

    "@biomejs/cli-darwin-arm64": ["@biomejs/cli-darwin-arm64@2.4.14", "", { "os": "darwin", "cpu": "arm64" }, "sha512-XvgoE9XOawUOQPdmvs4J7wPhi/DLwSCGks3AlPJDmh34O0awRTqCED1HRcRDdpf1Zrp4us4MGOOdIxNpbqNF5Q=="],

    "@biomejs/cli-darwin-x64": ["@biomejs/cli-darwin-x64@2.4.14", "", { "os": "darwin", "cpu": "x64" }, "sha512-jE7hKBCFhOx3uUh+ZkWBfOHxAcILPfhFplNkuID/eZeSTLHzfZzoZxW8fbqY9xXRnPi7jGNAf1iPVR+0yWsM/Q=="],

    "@biomejs/cli-linux-arm64": ["@biomejs/cli-linux-arm64@2.4.14", "", { "os": "linux", "cpu": "arm64" }, "sha512-2TELhZnW5RSLL063l9rc5xLpA0ZIw0Ccwy/0q384rvNAgFw3yI76bd59547yxowdQr5MNPET/xDLrLuvgSeeWQ=="],

    "@biomejs/cli-linux-arm64-musl": ["@biomejs/cli-linux-arm64-musl@2.4.14", "", { "os": "linux", "cpu": "arm64" }, "sha512-/z+6gqAqqUQTHazwStxSXKHg9b8UvqBmDFRp+c4wYbq2KXhELQDon9EoC9RpmQ8JWkqQx/lIUy/cs+MhzDZp6A=="],

    "@biomejs/cli-linux-x64": ["@biomejs/cli-linux-x64@2.4.14", "", { "os": "linux", "cpu": "x64" }, "sha512-zHrlQZDBDUz4OLAraYpWKcnLS6HOewBFWYOzY91d1ZjdqZwibOyb6BEu6WuWLugyo0P3riCmsbV9UqV1cSXwQg=="],

    "@biomejs/cli-linux-x64-musl": ["@biomejs/cli-linux-x64-musl@2.4.14", "", { "os": "linux", "cpu": "x64" }, "sha512-R6BWgJdQOwW9ulJatuTVrQkjnODjqHZkKNOqb1sz++3Noe5LYd0i3PchnOBUCYAPHoPWHhjJqbdZlHEu0hpjdA=="],

    "@biomejs/cli-win32-arm64": ["@biomejs/cli-win32-arm64@2.4.14", "", { "os": "win32", "cpu": "arm64" }, "sha512-M3EH5hqOI/F/FUA2u4xcLoUgmxd218mvuj/6JL7Hv2toQvr2/AdOvKSpGkoRuWFCtQPVa+ZqkEV3Q5xBA9+XSA=="],

    "@biomejs/cli-win32-x64": ["@biomejs/cli-win32-x64@2.4.14", "", { "os": "win32", "cpu": "x64" }, "sha512-WL0EG5qE+EAKomGXbf2g6VnSKJhTL3tXC0QRzWRwA5VpjxNYa6H4P7ZWfymbGE4IhZZQi1KXQ2R0YjwInmz2fA=="],

    "@gerrit0/mini-shiki": ["@gerrit0/mini-shiki@3.23.0", "", { "dependencies": { "@shikijs/engine-oniguruma": "^3.23.0", "@shikijs/langs": "^3.23.0", "@shikijs/themes": "^3.23.0", "@shikijs/types": "^3.23.0", "@shikijs/vscode-textmate": "^10.0.2" } }, "sha512-bEMORlG0cqdjVyCEuU0cDQbORWX+kYCeo0kV1lbxF5bt4r7SID2l9bqsxJEM0zndaxpOUT7riCyIVEuqq/Ynxg=="],

    "@ninots/auth": ["@ninots/auth@workspace:packages/auth"],

    "@ninots/cache": ["@ninots/cache@workspace:packages/cache"],

    "@ninots/config": ["@ninots/config@workspace:packages/config"],

    "@ninots/console": ["@ninots/console@workspace:packages/console"],

    "@ninots/container": ["@ninots/container@workspace:packages/container"],

    "@ninots/events": ["@ninots/events@workspace:packages/events"],

    "@ninots/filesystem": ["@ninots/filesystem@workspace:packages/filesystem"],

    "@ninots/foundation": ["@ninots/foundation@workspace:packages/foundation"],

    "@ninots/http": ["@ninots/http@workspace:packages/http"],

    "@ninots/logger": ["@ninots/logger@workspace:packages/logger"],

    "@ninots/middleware": ["@ninots/middleware@workspace:packages/middleware"],

    "@ninots/orm": ["@ninots/orm@workspace:packages/orm"],

    "@ninots/routing": ["@ninots/routing@workspace:packages/routing"],

    "@ninots/session": ["@ninots/session@workspace:packages/session"],

    "@ninots/support": ["@ninots/support@workspace:packages/support"],

    "@ninots/validation": ["@ninots/validation@workspace:packages/validation"],

    "@ninots/view": ["@ninots/view@workspace:packages/view"],

    "@ninots/websocket": ["@ninots/websocket@workspace:packages/websocket"],

    "@shikijs/engine-oniguruma": ["@shikijs/engine-oniguruma@3.23.0", "", { "dependencies": { "@shikijs/types": "3.23.0", "@shikijs/vscode-textmate": "^10.0.2" } }, "sha512-1nWINwKXxKKLqPibT5f4pAFLej9oZzQTsby8942OTlsJzOBZ0MWKiwzMsd+jhzu8YPCHAswGnnN1YtQfirL35g=="],

    "@shikijs/langs": ["@shikijs/langs@3.23.0", "", { "dependencies": { "@shikijs/types": "3.23.0" } }, "sha512-2Ep4W3Re5aB1/62RSYQInK9mM3HsLeB91cHqznAJMuylqjzNVAVCMnNWRHFtcNHXsoNRayP9z1qj4Sq3nMqYXg=="],

    "@shikijs/themes": ["@shikijs/themes@3.23.0", "", { "dependencies": { "@shikijs/types": "3.23.0" } }, "sha512-5qySYa1ZgAT18HR/ypENL9cUSGOeI2x+4IvYJu4JgVJdizn6kG4ia5Q1jDEOi7gTbN4RbuYtmHh0W3eccOrjMA=="],

    "@shikijs/types": ["@shikijs/types@3.23.0", "", { "dependencies": { "@shikijs/vscode-textmate": "^10.0.2", "@types/hast": "^3.0.4" } }, "sha512-3JZ5HXOZfYjsYSk0yPwBrkupyYSLpAE26Qc0HLghhZNGTZg/SKxXIIgoxOpmmeQP0RRSDJTk1/vPfw9tbw+jSQ=="],

    "@shikijs/vscode-textmate": ["@shikijs/vscode-textmate@10.0.2", "", {}, "sha512-83yeghZ2xxin3Nj8z1NMd/NCuca+gsYXswywDy5bHvwlWL8tpTQmzGeUuHd9FC3E/SBEMvzJRwWEOz5gGes9Qg=="],

    "@types/bun": ["@types/bun@1.3.14", "", { "dependencies": { "bun-types": "1.3.14" } }, "sha512-h1hFqFVcvAvD9j9K7ZW7vd82aSA+rTdznZa+5bwvCwqSB1jmmfLcbIWhOLx1/+boy/xmjgCs/OMUL8hRJSmnPw=="],

    "@types/hast": ["@types/hast@3.0.5", "", { "dependencies": { "@types/unist": "*" } }, "sha512-rp/ezSWaD1m44dPKICGhiskI13nVr7qTloFwDa/IYkhhf5nzwP+zIQcIJh3WIFSBOy/H1PzB40jPjMDksN4F+g=="],

    "@types/node": ["@types/node@26.1.1", "", { "dependencies": { "undici-types": "~8.3.0" } }, "sha512-nxAkRSVkN1Y0JC1W8ky/fTfkGsMmcrRsbx+3XoZE+rMOX71kLYTV7fLXpqud1GpbpP5TuffXFqfX7fH2GgZREw=="],

    "@types/unist": ["@types/unist@3.0.3", "", {}, "sha512-ko/gIFJRv177XgZsZcBwnqJN5x/Gien8qNOn0D5bQU/zAzVf9Zt3BlcUiLqhV9y4ARk0GbT3tnUiPNgnTXzc/Q=="],

    "argparse": ["argparse@2.0.1", "", {}, "sha512-8+9WqebbFzpX9OR+Wa6O29asIogeRMzcGtAINdpMHHyAg10f05aSFVBbcEqGf/PXw1EjAZ+q2/bEBg3DvurK3Q=="],

    "balanced-match": ["balanced-match@4.0.4", "", {}, "sha512-BLrgEcRTwX2o6gGxGOCNyMvGSp35YofuYzw9h1IMTRmKqttAZZVU67bdb9Pr2vUHA8+j3i2tJfjO6C6+4myGTA=="],

    "brace-expansion": ["brace-expansion@5.0.7", "", { "dependencies": { "balanced-match": "^4.0.2" } }, "sha512-7oFy703dxfY3/NLxC1fh2SUCQ0H9rmAY+5EpDVfXjUTTs+HEwR2nYaqLv+GWcTsumwxPfiz6CzCNkwXwBUwqCA=="],

    "bun-types": ["bun-types@1.3.14", "", { "dependencies": { "@types/node": "*" } }, "sha512-4N0ig0fEomHt5R0KCFWjovxow98rIoRwKolrYdCcknNwMekCXRnWEUvgu5soYV8QXtVsrUD8B95MBOZGPvr6KQ=="],

    "entities": ["entities@4.5.0", "", {}, "sha512-V0hjH4dGPh9Ao5p0MoRY6BVqtwCjhz6vI5LT8AJ55H+4g9/4vbHx1I54fS0XuclLhDHArPQCiMjDxjaL8fPxhw=="],

    "linkify-it": ["linkify-it@5.0.2", "", { "dependencies": { "uc.micro": "^2.0.0" } }, "sha512-ONTm2jCMAVZjgQa/Fy1kScXsuOoF5NPTsoFBdE1KVIZ2vAh/r9+Bqo+0jINCBYnavTPQZz38QzFTme79ENoN3Q=="],

    "lunr": ["lunr@2.3.9", "", {}, "sha512-zTU3DaZaF3Rt9rhN3uBMGQD3dD2/vFQqnvZCDv4dl5iOzq2IZQqTxu90r4E5J+nP70J3ilqVCrbho2eWaeW8Ow=="],

    "markdown-it": ["markdown-it@14.3.0", "", { "dependencies": { "argparse": "^2.0.1", "entities": "^4.5.0", "linkify-it": "^5.0.2", "mdurl": "^2.0.0", "punycode.js": "^2.3.1", "uc.micro": "^2.1.0" }, "bin": { "markdown-it": "bin/markdown-it.mjs" } }, "sha512-RCEsPjR+sr0x+AuYp601tKTkgFG4YEPLCzHST3cQ/fhlJkqAkz1L2/Qbp1j9qw5SBwQHFBoW8+hoN5xssOF0Tw=="],

    "mdurl": ["mdurl@2.0.0", "", {}, "sha512-Lf+9+2r+Tdp5wXDXC4PcIBjTDtq4UKjCPMQhKIuzpJNW0b96kVqSwW0bT7FhRSfmAiFYgP+SCRvdrDozfh0U5w=="],

    "minimatch": ["minimatch@10.2.5", "", { "dependencies": { "brace-expansion": "^5.0.5" } }, "sha512-MULkVLfKGYDFYejP07QOurDLLQpcjk7Fw+7jXS2R2czRQzR56yHRveU5NDJEOviH+hETZKSkIk5c+T23GjFUMg=="],

    "punycode.js": ["punycode.js@2.3.1", "", {}, "sha512-uxFIHU0YlHYhDQtV4R9J6a52SLx28BCjT+4ieh7IGbgwVJWO+km431c4yRlREUAsAmt/uMjQUyQHNEPf0M39CA=="],

    "typedoc": ["typedoc@0.28.20", "", { "dependencies": { "@gerrit0/mini-shiki": "^3.23.0", "lunr": "^2.3.9", "markdown-it": "^14.3.0", "minimatch": "^10.2.5", "yaml": "^2.9.0" }, "peerDependencies": { "typescript": "5.0.x || 5.1.x || 5.2.x || 5.3.x || 5.4.x || 5.5.x || 5.6.x || 5.7.x || 5.8.x || 5.9.x || 6.0.x" }, "bin": { "typedoc": "bin/typedoc" } }, "sha512-uSKqkh8Cr48vllnEy+jdaAgOeR6Y+QCBW7usgUsKj7gJEfR7stw9U/fE49LBnj2tPRKPY0c0EBJSWe9Appmplg=="],

    "typescript": ["typescript@6.0.3", "", { "bin": { "tsc": "bin/tsc", "tsserver": "bin/tsserver" } }, "sha512-y2TvuxSZPDyQakkFRPZHKFm+KKVqIisdg9/CZwm9ftvKXLP8NRWj38/ODjNbr43SsoXqNuAisEf1GdCxqWcdBw=="],

    "uc.micro": ["uc.micro@2.1.0", "", {}, "sha512-ARDJmphmdvUk6Glw7y9DQ2bFkKBHwQHLi2lsaH6PPmz/Ka9sFOBsBluozhDltWmnv9u/cF6Rt87znRTPV+yp/A=="],

    "undici-types": ["undici-types@8.3.0", "", {}, "sha512-j375ScV60dom+YkPFIfTLcOiPxkN/buHz5GobjLhixFuANaNs3C9l4GmrWqejgXWJ7BbJcFYpTEUkS1Ge8bpZQ=="],

    "yaml": ["yaml@2.9.0", "", { "bin": { "yaml": "bin.mjs" } }, "sha512-2AvhNX3mb8zd6Zy7INTtSpl1F15HW6Wnqj0srWlkKLcpYl/gMIMJiyuGq2KeI2YFxUPjdlB+3Lc10seMLtL4cA=="],
  }
}
