{
  "lockfileVersion": 1,
  "configVersion": 1,
  "workspaces": {
    "": {
      "name": "@ninots/framework",
      "devDependencies": {
        "@biomejs/biome": "catalog:build",
        "@types/bun": "catalog:",
        "typedoc": "catalog:build",
      },
      "peerDependencies": {
        "typescript": "catalog:",
      },
    },
    "packages/auth": {
      "name": "@ninots/auth",
      "version": "0.0.1",
      "devDependencies": {
        "@types/bun": "catalog:",
      },
      "peerDependencies": {
        "typescript": "catalog:",
      },
    },
    "packages/config": {
      "name": "@ninots/config",
      "version": "0.0.1",
      "devDependencies": {
        "@types/bun": "catalog:",
      },
      "peerDependencies": {
        "typescript": "catalog:",
      },
    },
    "packages/console": {
      "name": "@ninots/console",
      "version": "0.0.1",
      "bin": {
        "ninots": "./bin/ninots.ts",
      },
      "devDependencies": {
        "@types/bun": "catalog:",
      },
      "peerDependencies": {
        "typescript": "catalog:",
      },
    },
    "packages/container": {
      "name": "@ninots/container",
      "version": "0.0.1",
      "devDependencies": {
        "@types/bun": "catalog:",
      },
      "peerDependencies": {
        "typescript": "catalog:",
      },
    },
    "packages/foundation": {
      "name": "@ninots/foundation",
      "version": "0.0.1",
      "devDependencies": {
        "@types/bun": "catalog:",
      },
      "peerDependencies": {
        "typescript": "catalog:",
      },
    },
    "packages/http": {
      "name": "@ninots/http",
      "version": "0.0.1",
      "devDependencies": {
        "@types/bun": "catalog:",
      },
      "peerDependencies": {
        "typescript": "catalog:",
      },
    },
    "packages/jwt": {
      "name": "@ninots/jwt",
      "version": "0.0.1",
      "devDependencies": {
        "@types/bun": "catalog:",
      },
      "peerDependencies": {
        "typescript": "catalog:",
      },
    },
    "packages/middleware": {
      "name": "@ninots/middleware",
      "version": "0.0.1",
      "devDependencies": {
        "@types/bun": "catalog:",
      },
      "peerDependencies": {
        "typescript": "catalog:",
      },
    },
    "packages/orm": {
      "name": "@ninots/orm",
      "version": "0.0.1",
      "devDependencies": {
        "@types/bun": "catalog:",
      },
      "peerDependencies": {
        "typescript": "catalog:",
      },
    },
    "packages/routing": {
      "name": "@ninots/routing",
      "version": "0.0.1",
      "devDependencies": {
        "@types/bun": "catalog:",
      },
      "peerDependencies": {
        "typescript": "catalog:",
      },
    },
    "packages/session": {
      "name": "@ninots/session",
      "version": "0.0.1",
      "devDependencies": {
        "@types/bun": "catalog:",
      },
      "peerDependencies": {
        "typescript": "catalog:",
      },
    },
    "packages/social": {
      "name": "@ninots/social",
      "version": "0.0.1",
      "devDependencies": {
        "@types/bun": "catalog:",
      },
      "peerDependencies": {
        "typescript": "catalog:",
      },
    },
    "packages/support": {
      "name": "@ninots/support",
      "version": "0.0.1",
      "devDependencies": {
        "@types/bun": "catalog:",
      },
      "peerDependencies": {
        "typescript": "catalog:",
      },
    },
  },
  "catalog": {
    "@types/bun": "latest",
    "typescript": "^5.0.0",
  },
  "catalogs": {
    "build": {
      "@biomejs/biome": "^2.3.13",
      "typedoc": "^0.28.16",
    },
  },
  "packages": {
    "@biomejs/biome": ["@biomejs/biome@2.4.4", "", { "optionalDependencies": { "@biomejs/cli-darwin-arm64": "2.4.4", "@biomejs/cli-darwin-x64": "2.4.4", "@biomejs/cli-linux-arm64": "2.4.4", "@biomejs/cli-linux-arm64-musl": "2.4.4", "@biomejs/cli-linux-x64": "2.4.4", "@biomejs/cli-linux-x64-musl": "2.4.4", "@biomejs/cli-win32-arm64": "2.4.4", "@biomejs/cli-win32-x64": "2.4.4" }, "bin": { "biome": "bin/biome" } }, "sha512-tigwWS5KfJf0cABVd52NVaXyAVv4qpUXOWJ1rxFL8xF1RVoeS2q/LK+FHgYoKMclJCuRoCWAPy1IXaN9/mS61Q=="],

    "@biomejs/cli-darwin-arm64": ["@biomejs/cli-darwin-arm64@2.4.4", "", { "os": "darwin", "cpu": "arm64" }, "sha512-jZ+Xc6qvD6tTH5jM6eKX44dcbyNqJHssfl2nnwT6vma6B1sj7ZLTGIk6N5QwVBs5xGN52r3trk5fgd3sQ9We9A=="],

    "@biomejs/cli-darwin-x64": ["@biomejs/cli-darwin-x64@2.4.4", "", { "os": "darwin", "cpu": "x64" }, "sha512-Dh1a/+W+SUCXhEdL7TiX3ArPTFCQKJTI1mGncZNWfO+6suk+gYA4lNyJcBB+pwvF49uw0pEbUS49BgYOY4hzUg=="],

    "@biomejs/cli-linux-arm64": ["@biomejs/cli-linux-arm64@2.4.4", "", { "os": "linux", "cpu": "arm64" }, "sha512-V/NFfbWhsUU6w+m5WYbBenlEAz8eYnSqRMDMAW3K+3v0tYVkNyZn8VU0XPxk/lOqNXLSCCrV7FmV/u3SjCBShg=="],

    "@biomejs/cli-linux-arm64-musl": ["@biomejs/cli-linux-arm64-musl@2.4.4", "", { "os": "linux", "cpu": "arm64" }, "sha512-+sPAXq3bxmFwhVFJnSwkSF5Rw2ZAJMH3MF6C9IveAEOdSpgajPhoQhbbAK12SehN9j2QrHpk4J/cHsa/HqWaYQ=="],

    "@biomejs/cli-linux-x64": ["@biomejs/cli-linux-x64@2.4.4", "", { "os": "linux", "cpu": "x64" }, "sha512-R4+ZCDtG9kHArasyBO+UBD6jr/FcFCTH8QkNTOCu0pRJzCWyWC4EtZa2AmUZB5h3e0jD7bRV2KvrENcf8rndBg=="],

    "@biomejs/cli-linux-x64-musl": ["@biomejs/cli-linux-x64-musl@2.4.4", "", { "os": "linux", "cpu": "x64" }, "sha512-gGvFTGpOIQDb5CQ2VC0n9Z2UEqlP46c4aNgHmAMytYieTGEcfqhfCFnhs6xjt0S3igE6q5GLuIXtdQt3Izok+g=="],

    "@biomejs/cli-win32-arm64": ["@biomejs/cli-win32-arm64@2.4.4", "", { "os": "win32", "cpu": "arm64" }, "sha512-trzCqM7x+Gn832zZHgr28JoYagQNX4CZkUZhMUac2YxvvyDRLJDrb5m9IA7CaZLlX6lTQmADVfLEKP1et1Ma4Q=="],

    "@biomejs/cli-win32-x64": ["@biomejs/cli-win32-x64@2.4.4", "", { "os": "win32", "cpu": "x64" }, "sha512-gnOHKVPFAAPrpoPt2t+Q6FZ7RPry/FDV3GcpU53P3PtLNnQjBmKyN2Vh/JtqXet+H4pme8CC76rScwdjDcT1/A=="],

    "@gerrit0/mini-shiki": ["@gerrit0/mini-shiki@3.22.0", "", { "dependencies": { "@shikijs/engine-oniguruma": "^3.22.0", "@shikijs/langs": "^3.22.0", "@shikijs/themes": "^3.22.0", "@shikijs/types": "^3.22.0", "@shikijs/vscode-textmate": "^10.0.2" } }, "sha512-jMpciqEVUBKE1QwU64S4saNMzpsSza6diNCk4MWAeCxO2+LFi2FIFmL2S0VDLzEJCxuvCbU783xi8Hp/gkM5CQ=="],

    "@ninots/auth": ["@ninots/auth@workspace:packages/auth"],

    "@ninots/config": ["@ninots/config@workspace:packages/config"],

    "@ninots/console": ["@ninots/console@workspace:packages/console"],

    "@ninots/container": ["@ninots/container@workspace:packages/container"],

    "@ninots/foundation": ["@ninots/foundation@workspace:packages/foundation"],

    "@ninots/http": ["@ninots/http@workspace:packages/http"],

    "@ninots/jwt": ["@ninots/jwt@workspace:packages/jwt"],

    "@ninots/middleware": ["@ninots/middleware@workspace:packages/middleware"],

    "@ninots/orm": ["@ninots/orm@workspace:packages/orm"],

    "@ninots/routing": ["@ninots/routing@workspace:packages/routing"],

    "@ninots/session": ["@ninots/session@workspace:packages/session"],

    "@ninots/social": ["@ninots/social@workspace:packages/social"],

    "@ninots/support": ["@ninots/support@workspace:packages/support"],

    "@shikijs/engine-oniguruma": ["@shikijs/engine-oniguruma@3.22.0", "", { "dependencies": { "@shikijs/types": "3.22.0", "@shikijs/vscode-textmate": "^10.0.2" } }, "sha512-DyXsOG0vGtNtl7ygvabHd7Mt5EY8gCNqR9Y7Lpbbd/PbJvgWrqaKzH1JW6H6qFkuUa8aCxoiYVv8/YfFljiQxA=="],

    "@shikijs/langs": ["@shikijs/langs@3.22.0", "", { "dependencies": { "@shikijs/types": "3.22.0" } }, "sha512-x/42TfhWmp6H00T6uwVrdTJGKgNdFbrEdhaDwSR5fd5zhQ1Q46bHq9EO61SCEWJR0HY7z2HNDMaBZp8JRmKiIA=="],

    "@shikijs/themes": ["@shikijs/themes@3.22.0", "", { "dependencies": { "@shikijs/types": "3.22.0" } }, "sha512-o+tlOKqsr6FE4+mYJG08tfCFDS+3CG20HbldXeVoyP+cYSUxDhrFf3GPjE60U55iOkkjbpY2uC3It/eeja35/g=="],

    "@shikijs/types": ["@shikijs/types@3.22.0", "", { "dependencies": { "@shikijs/vscode-textmate": "^10.0.2", "@types/hast": "^3.0.4" } }, "sha512-491iAekgKDBFE67z70Ok5a8KBMsQ2IJwOWw3us/7ffQkIBCyOQfm/aNwVMBUriP02QshIfgHCBSIYAl3u2eWjg=="],

    "@shikijs/vscode-textmate": ["@shikijs/vscode-textmate@10.0.2", "", {}, "sha512-83yeghZ2xxin3Nj8z1NMd/NCuca+gsYXswywDy5bHvwlWL8tpTQmzGeUuHd9FC3E/SBEMvzJRwWEOz5gGes9Qg=="],

    "@types/bun": ["@types/bun@1.3.9", "", { "dependencies": { "bun-types": "1.3.9" } }, "sha512-KQ571yULOdWJiMH+RIWIOZ7B2RXQGpL1YQrBtLIV3FqDcCu6FsbFUBwhdKUlCKUpS3PJDsHlJ1QKlpxoVR+xtw=="],

    "@types/hast": ["@types/hast@3.0.4", "", { "dependencies": { "@types/unist": "*" } }, "sha512-WPs+bbQw5aCj+x6laNGWLH3wviHtoCv/P3+otBhbOhJgG8qtpdAMlTCxLtsTWA7LH1Oh/bFCHsBn0TPS5m30EQ=="],

    "@types/node": ["@types/node@25.3.0", "", { "dependencies": { "undici-types": "~7.18.0" } }, "sha512-4K3bqJpXpqfg2XKGK9bpDTc6xO/xoUP/RBWS7AtRMug6zZFaRekiLzjVtAoZMquxoAbzBvy5nxQ7veS5eYzf8A=="],

    "@types/unist": ["@types/unist@3.0.3", "", {}, "sha512-ko/gIFJRv177XgZsZcBwnqJN5x/Gien8qNOn0D5bQU/zAzVf9Zt3BlcUiLqhV9y4ARk0GbT3tnUiPNgnTXzc/Q=="],

    "argparse": ["argparse@2.0.1", "", {}, "sha512-8+9WqebbFzpX9OR+Wa6O29asIogeRMzcGtAINdpMHHyAg10f05aSFVBbcEqGf/PXw1EjAZ+q2/bEBg3DvurK3Q=="],

    "balanced-match": ["balanced-match@1.0.2", "", {}, "sha512-3oSeUO0TMV67hN1AmbXsK4yaqU7tjiHlbxRDZOpH0KW9+CeX4bRAaX0Anxt0tx2MrpRpWwQaPwIlISEJhYU5Pw=="],

    "brace-expansion": ["brace-expansion@2.0.2", "", { "dependencies": { "balanced-match": "^1.0.0" } }, "sha512-Jt0vHyM+jmUBqojB7E1NIYadt0vI0Qxjxd2TErW94wDz+E2LAm5vKMXXwg6ZZBTHPuUlDgQHKXvjGBdfcF1ZDQ=="],

    "bun-types": ["bun-types@1.3.9", "", { "dependencies": { "@types/node": "*" } }, "sha512-+UBWWOakIP4Tswh0Bt0QD0alpTY8cb5hvgiYeWCMet9YukHbzuruIEeXC2D7nMJPB12kbh8C7XJykSexEqGKJg=="],

    "entities": ["entities@4.5.0", "", {}, "sha512-V0hjH4dGPh9Ao5p0MoRY6BVqtwCjhz6vI5LT8AJ55H+4g9/4vbHx1I54fS0XuclLhDHArPQCiMjDxjaL8fPxhw=="],

    "linkify-it": ["linkify-it@5.0.0", "", { "dependencies": { "uc.micro": "^2.0.0" } }, "sha512-5aHCbzQRADcdP+ATqnDuhhJ/MRIqDkZX5pyjFHRRysS8vZ5AbqGEoFIb6pYHPZ+L/OC2Lc+xT8uHVVR5CAK/wQ=="],

    "lunr": ["lunr@2.3.9", "", {}, "sha512-zTU3DaZaF3Rt9rhN3uBMGQD3dD2/vFQqnvZCDv4dl5iOzq2IZQqTxu90r4E5J+nP70J3ilqVCrbho2eWaeW8Ow=="],

    "markdown-it": ["markdown-it@14.1.1", "", { "dependencies": { "argparse": "^2.0.1", "entities": "^4.4.0", "linkify-it": "^5.0.0", "mdurl": "^2.0.0", "punycode.js": "^2.3.1", "uc.micro": "^2.1.0" }, "bin": { "markdown-it": "bin/markdown-it.mjs" } }, "sha512-BuU2qnTti9YKgK5N+IeMubp14ZUKUUw7yeJbkjtosvHiP0AZ5c8IAgEMk79D0eC8F23r4Ac/q8cAIFdm2FtyoA=="],

    "mdurl": ["mdurl@2.0.0", "", {}, "sha512-Lf+9+2r+Tdp5wXDXC4PcIBjTDtq4UKjCPMQhKIuzpJNW0b96kVqSwW0bT7FhRSfmAiFYgP+SCRvdrDozfh0U5w=="],

    "minimatch": ["minimatch@9.0.5", "", { "dependencies": { "brace-expansion": "^2.0.1" } }, "sha512-G6T0ZX48xgozx7587koeX9Ys2NYy6Gmv//P89sEte9V9whIapMNF4idKxnW2QtCcLiTWlb/wfCabAtAFWhhBow=="],

    "punycode.js": ["punycode.js@2.3.1", "", {}, "sha512-uxFIHU0YlHYhDQtV4R9J6a52SLx28BCjT+4ieh7IGbgwVJWO+km431c4yRlREUAsAmt/uMjQUyQHNEPf0M39CA=="],

    "typedoc": ["typedoc@0.28.17", "", { "dependencies": { "@gerrit0/mini-shiki": "^3.17.0", "lunr": "^2.3.9", "markdown-it": "^14.1.0", "minimatch": "^9.0.5", "yaml": "^2.8.1" }, "peerDependencies": { "typescript": "5.0.x || 5.1.x || 5.2.x || 5.3.x || 5.4.x || 5.5.x || 5.6.x || 5.7.x || 5.8.x || 5.9.x" }, "bin": { "typedoc": "bin/typedoc" } }, "sha512-ZkJ2G7mZrbxrKxinTQMjFqsCoYY6a5Luwv2GKbTnBCEgV2ihYm5CflA9JnJAwH0pZWavqfYxmDkFHPt4yx2oDQ=="],

    "typescript": ["typescript@5.9.3", "", { "bin": { "tsc": "bin/tsc", "tsserver": "bin/tsserver" } }, "sha512-jl1vZzPDinLr9eUt3J/t7V6FgNEw9QjvBPdysz9KfQDD41fQrC2Y4vKQdiaUpFT4bXlb1RHhLpp8wtm6M5TgSw=="],

    "uc.micro": ["uc.micro@2.1.0", "", {}, "sha512-ARDJmphmdvUk6Glw7y9DQ2bFkKBHwQHLi2lsaH6PPmz/Ka9sFOBsBluozhDltWmnv9u/cF6Rt87znRTPV+yp/A=="],

    "undici-types": ["undici-types@7.18.2", "", {}, "sha512-AsuCzffGHJybSaRrmr5eHr81mwJU3kjw6M+uprWvCXiNeN9SOGwQ3Jn8jb8m3Z6izVgknn1R0FTCEAP2QrLY/w=="],

    "yaml": ["yaml@2.8.2", "", { "bin": { "yaml": "bin.mjs" } }, "sha512-mplynKqc1C2hTVYxd0PU2xQAc22TI1vShAYGksCCfxbn/dFwnHTNi1bvYsBTkhdUNtGIf5xNOg938rrSSYvS9A=="],
  }
}
